
Microsoft Visual Studio Solution File, Format Version 12.00
# Visual Studio Version 17
VisualStudioVersion = 17.9.34728.123
MinimumVisualStudioVersion = 10.0.40219.1
Project("{2150E333-8FDC-42A3-9474-1A3956D46DE8}") = "BankExample", "BankExample", "{A2F44C89-8756-4D38-A0FA-5E7D5E0146CE}"
EndProject
Project("{2150E333-8FDC-42A3-9474-1A3956D46DE8}") = "OrderManagementExample", "OrderManagementExample", "{9184E07D-BF01-4155-A015-459A62C2D9AE}"
EndProject
Project("{9A19103F-16F7-4668-BE54-9A1E7A4F7556}") = "OrderManagement", "OrderManagementExample\OrderManagement\OrderManagement.csproj", "{9F0EAE51-A816-48EC-9982-0086F2DF8C11}"
EndProject
Project("{9A19103F-16F7-4668-BE54-9A1E7A4F7556}") = "OrderManagementTests", "OrderManagementExample\OrderManagementTests\OrderManagementTests.csproj", "{5C29A937-1C64-419A-96CF-F88546811D68}"
EndProject
Project("{9A19103F-16F7-4668-BE54-9A1E7A4F7556}") = "Bank", "BankExample\Bank\Bank.csproj", "{9C0324D5-7CD9-4BAE-9088-EF76B36DFC62}"
EndProject
Project("{9A19103F-16F7-4668-BE54-9A1E7A4F7556}") = "BankTests", "BankExample\BankTests\BankTests.csproj", "{8A04B764-7367-46CB-AD58-8B14499C23B2}"
EndProject
Global
	GlobalSection(SolutionConfigurationPlatforms) = preSolution
		Debug|Any CPU = Debug|Any CPU
		Release|Any CPU = Release|Any CPU
	EndGlobalSection
	GlobalSection(ProjectConfigurationPlatforms) = postSolution
		{9F0EAE51-A816-48EC-9982-0086F2DF8C11}.Debug|Any CPU.ActiveCfg = Debug|Any CPU
		{9F0EAE51-A816-48EC-9982-0086F2DF8C11}.Debug|Any CPU.Build.0 = Debug|Any CPU
		{9F0EAE51-A816-48EC-9982-0086F2DF8C11}.Release|Any CPU.ActiveCfg = Release|Any CPU
		{9F0EAE51-A816-48EC-9982-0086F2DF8C11}.Release|Any CPU.Build.0 = Release|Any CPU
		{5C29A937-1C64-419A-96CF-F88546811D68}.Debug|Any CPU.ActiveCfg = Debug|Any CPU
		{5C29A937-1C64-419A-96CF-F88546811D68}.Debug|Any CPU.Build.0 = Debug|Any CPU
		{5C29A937-1C64-419A-96CF-F88546811D68}.Release|Any CPU.ActiveCfg = Release|Any CPU
		{5C29A937-1C64-419A-96CF-F88546811D68}.Release|Any CPU.Build.0 = Release|Any CPU
		{9C0324D5-7CD9-4BAE-9088-EF76B36DFC62}.Debug|Any CPU.ActiveCfg = Debug|Any CPU
		{9C0324D5-7CD9-4BAE-9088-EF76B36DFC62}.Debug|Any CPU.Build.0 = Debug|Any CPU
		{9C0324D5-7CD9-4BAE-9088-EF76B36DFC62}.Release|Any CPU.ActiveCfg = Release|Any CPU
		{9C0324D5-7CD9-4BAE-9088-EF76B36DFC62}.Release|Any CPU.Build.0 = Release|Any CPU
		{8A04B764-7367-46CB-AD58-8B14499C23B2}.Debug|Any CPU.ActiveCfg = Debug|Any CPU
		{8A04B764-7367-46CB-AD58-8B14499C23B2}.Debug|Any CPU.Build.0 = Debug|Any CPU
		{8A04B764-7367-46CB-AD58-8B14499C23B2}.Release|Any CPU.ActiveCfg = Release|Any CPU
		{8A04B764-7367-46CB-AD58-8B14499C23B2}.Release|Any CPU.Build.0 = Release|Any CPU
	EndGlobalSection
	GlobalSection(SolutionProperties) = preSolution
		HideSolutionNode = FALSE
	EndGlobalSection
	GlobalSection(NestedProjects) = preSolution
		{9F0EAE51-A816-48EC-9982-0086F2DF8C11} = {9184E07D-BF01-4155-A015-459A62C2D9AE}
		{5C29A937-1C64-419A-96CF-F88546811D68} = {9184E07D-BF01-4155-A015-459A62C2D9AE}
		{9C0324D5-7CD9-4BAE-9088-EF76B36DFC62} = {A2F44C89-8756-4D38-A0FA-5E7D5E0146CE}
		{8A04B764-7367-46CB-AD58-8B14499C23B2} = {A2F44C89-8756-4D38-A0FA-5E7D5E0146CE}
	EndGlobalSection
	GlobalSection(ExtensibilityGlobals) = postSolution
		SolutionGuid = {6D86F07B-AD85-4DEF-BF34-EDD958587862}
	EndGlobalSection
EndGlobal
